PODS:
  - Alamofire (4.8.2)
  - AlamofireObjectMapper (5.2.1):
    - Alamofire (~> 4.7)
    - ObjectMapper (~> 3.4)
  - AppSpectorSDK (1.3.5)
  - BottomSheets (1.0.0):
    - KMMShared
    - TunaikuChat
    - TunaikuCommon
  - Branch (1.38.0)
  - Charts (3.6.0):
    - Charts/Core (= 3.6.0)
  - Charts/Core (3.6.0)
  - CombinationPersonalLoans (1.0.0):
    - BottomSheets
    - MaintenanceView
    - MarketingAnalytics
    - TunaikuChat
    - TunaikuCommon
    - TunaikuLogin
  - Cosmos (18.0.1)
  - DLRadioButton (1.4.12)
  - EasyTipView (2.0.4)
  - FBSDKCoreKit (9.2.0):
    - FBSDKCoreKit/Basics (= 9.2.0)
    - FBSDKCoreKit/Core (= 9.2.0)
  - FBSDKCoreKit/Basics (9.2.0)
  - FBSDKCoreKit/Core (9.2.0):
    - FBSDKCoreKit/Basics
  - Firebase (8.5.0):
    - Firebase/Core (= 8.5.0)
  - Firebase/Analytics (8.5.0):
    - Firebase/Core
  - Firebase/Core (8.5.0):
    - Firebase/CoreOnly
    - FirebaseAnalytics (~> 8.5.0)
  - Firebase/CoreOnly (8.5.0):
    - FirebaseCore (= 8.5.0)
  - Firebase/Crashlytics (8.5.0):
    - Firebase/CoreOnly
    - FirebaseCrashlytics (~> 8.5.0)
  - Firebase/DynamicLinks (8.5.0):
    - Firebase/CoreOnly
    - FirebaseDynamicLinks (~> 8.5.0)
  - Firebase/Messaging (8.5.0):
    - Firebase/CoreOnly
    - FirebaseMessaging (~> 8.5.0)
  - Firebase/RemoteConfig (8.5.0):
    - Firebase/CoreOnly
    - FirebaseRemoteConfig (~> 8.5.0)
  - FirebaseABTesting (8.5.0):
    - FirebaseCore (~> 8.0)
  - FirebaseAnalytics (8.5.0):
    - FirebaseAnalytics/AdIdSupport (= 8.5.0)
    - FirebaseCore (~> 8.0)
    - FirebaseInstallations (~> 8.0)
    - GoogleUtilities/AppDelegateSwizzler (~> 7.4)
    - GoogleUtilities/MethodSwizzler (~> 7.4)
    - GoogleUtilities/Network (~> 7.4)
    - "GoogleUtilities/NSData+zlib (~> 7.4)"
    - nanopb (~> 2.30908.0)
  - FirebaseAnalytics/AdIdSupport (8.5.0):
    - FirebaseCore (~> 8.0)
    - FirebaseInstallations (~> 8.0)
    - GoogleAppMeasurement (= 8.5.0)
    - GoogleUtilities/AppDelegateSwizzler (~> 7.4)
    - GoogleUtilities/MethodSwizzler (~> 7.4)
    - GoogleUtilities/Network (~> 7.4)
    - "GoogleUtilities/NSData+zlib (~> 7.4)"
    - nanopb (~> 2.30908.0)
  - FirebaseCore (8.5.0):
    - FirebaseCoreDiagnostics (~> 8.0)
    - GoogleUtilities/Environment (~> 7.4)
    - GoogleUtilities/Logger (~> 7.4)
  - FirebaseCoreDiagnostics (8.5.0):
    - GoogleDataTransport (~> 9.0)
    - GoogleUtilities/Environment (~> 7.4)
    - GoogleUtilities/Logger (~> 7.4)
    - nanopb (~> 2.30908.0)
  - FirebaseCrashlytics (8.5.0):
    - FirebaseCore (~> 8.0)
    - FirebaseInstallations (~> 8.0)
    - GoogleDataTransport (~> 9.0)
    - GoogleUtilities/Environment (~> 7.4)
    - nanopb (~> 2.30908.0)
    - PromisesObjC (< 3.0, >= 1.2)
  - FirebaseDynamicLinks (8.5.0):
    - FirebaseCore (~> 8.0)
  - FirebaseInstallations (8.5.0):
    - FirebaseCore (~> 8.0)
    - GoogleUtilities/Environment (~> 7.4)
    - GoogleUtilities/UserDefaults (~> 7.4)
    - PromisesObjC (< 3.0, >= 1.2)
  - FirebaseMessaging (8.5.0):
    - FirebaseCore (~> 8.0)
    - FirebaseInstallations (~> 8.0)
    - GoogleUtilities/AppDelegateSwizzler (~> 7.4)
    - GoogleUtilities/Environment (~> 7.4)
    - GoogleUtilities/Reachability (~> 7.4)
    - GoogleUtilities/UserDefaults (~> 7.4)
  - FirebaseRemoteConfig (8.5.0):
    - FirebaseABTesting (~> 8.0)
    - FirebaseCore (~> 8.0)
    - FirebaseInstallations (~> 8.0)
    - GoogleUtilities/Environment (~> 7.4)
    - "GoogleUtilities/NSData+zlib (~> 7.4)"
  - FittedSheets (1.4.6)
  - GoogleAppMeasurement (8.5.0):
    - GoogleAppMeasurement/AdIdSupport (= 8.5.0)
    - GoogleUtilities/AppDelegateSwizzler (~> 7.4)
    - GoogleUtilities/MethodSwizzler (~> 7.4)
    - GoogleUtilities/Network (~> 7.4)
    - "GoogleUtilities/NSData+zlib (~> 7.4)"
    - nanopb (~> 2.30908.0)
  - GoogleAppMeasurement/AdIdSupport (8.5.0):
    - GoogleUtilities/AppDelegateSwizzler (~> 7.4)
    - GoogleUtilities/MethodSwizzler (~> 7.4)
    - GoogleUtilities/Network (~> 7.4)
    - "GoogleUtilities/NSData+zlib (~> 7.4)"
    - nanopb (~> 2.30908.0)
  - GoogleDataTransport (9.1.0):
    - GoogleUtilities/Environment (~> 7.2)
    - nanopb (~> 2.30908.0)
    - PromisesObjC (< 3.0, >= 1.2)
  - GoogleUtilities/AppDelegateSwizzler (7.5.0):
    - GoogleUtilities/Environment
    - GoogleUtilities/Logger
    - GoogleUtilities/Network
  - GoogleUtilities/Environment (7.5.0):
    - PromisesObjC (< 3.0, >= 1.2)
  - GoogleUtilities/Logger (7.5.0):
    - GoogleUtilities/Environment
  - GoogleUtilities/MethodSwizzler (7.5.0):
    - GoogleUtilities/Logger
  - GoogleUtilities/Network (7.5.0):
    - GoogleUtilities/Logger
    - "GoogleUtilities/NSData+zlib"
    - GoogleUtilities/Reachability
  - "GoogleUtilities/NSData+zlib (7.5.0)"
  - GoogleUtilities/Reachability (7.5.0):
    - GoogleUtilities/Logger
  - GoogleUtilities/UserDefaults (7.5.0):
    - GoogleUtilities/Logger
  - IQKeyboardManagerSwift (6.4.2)
  - KMMShared (0.1.0)
  - MaintenanceView (1.0.0):
    - TunaikuCommon
    - TunaikuDesignSystem
  - MarketingAnalytics (1.0.0):
    - TunaikuCommon
    - TunaikuDesignSystem
  - MultilineTextField (1.0.0)
  - nanopb (2.30908.0):
    - nanopb/decode (= 2.30908.0)
    - nanopb/encode (= 2.30908.0)
  - nanopb/decode (2.30908.0)
  - nanopb/encode (2.30908.0)
  - netfox (1.19.0)
  - ObjectMapper (3.5.3)
  - PagingMenuController (1.0.0)
  - PromisesObjC (2.0.0)
  - PureLayout (3.1.8)
  - RxAlamofire (5.0.0):
    - RxAlamofire/Core (= 5.0.0)
  - RxAlamofire/Core (5.0.0):
    - Alamofire (~> 4.8)
    - RxSwift (~> 5.0)
  - RxAtomic (4.4.2)
  - RxCocoa (5.0.1):
    - RxRelay (~> 5)
    - RxSwift (~> 5)
  - RxRelay (5.1.1):
    - RxSwift (~> 5)
  - RxSwift (5.0.1)
  - RxTest (5.0.1):
    - RxSwift (~> 5)
  - SBPickerSelector (1.2.0)
  - Siren (5.5.1)
  - SkeletonView (1.8.6)
  - SkyFloatingLabelTextField (3.8.0)
  - SwiftMessages (7.0.1):
    - SwiftMessages/App (= 7.0.1)
  - SwiftMessages/App (7.0.1)
  - SwiftRichString (3.7.2)
  - SwiftyJSON (5.0.1)
  - Swinject (2.6.2)
  - SwinjectStoryboard (2.2.0):
    - Swinject (~> 2.6)
  - TunaikuAutoDebit (1.0.0):
    - TunaikuCommon
  - TunaikuCESchedule (1.0.0):
    - BottomSheets
    - TunaikuChat
    - TunaikuCommon
  - TunaikuChat (1.0.0):
    - TunaikuCommon
  - TunaikuCollectionReview (1.0.0):
    - MaintenanceView
    - TunaikuChat
    - TunaikuCommon
    - TunaikuDesignSystem
  - TunaikuCommon (1.0.0):
    - Alamofire (~> 4.8.2)
    - AlamofireObjectMapper (~> 5.2.0)
    - Cosmos (~> 18.0)
    - DLRadioButton (~> 1.4.12)
    - EasyTipView (~> 2.0.0)
    - FittedSheets
    - IQKeyboardManagerSwift (~> 6.4.1)
    - MultilineTextField
    - netfox
    - ObjectMapper
    - PureLayout
    - RxAlamofire (~> 5.0.0)
    - RxAtomic
    - RxCocoa (~> 5.0.0)
    - RxSwift (~> 5.0.0)
    - SBPickerSelector (~> 1.2.0)
    - SkeletonView (= 1.8.6)
    - SkyFloatingLabelTextField (~> 3.0)
    - SwiftMessages (~> 7.0.0)
    - SwiftRichString
    - SwiftyJSON (~> 5.0.0)
    - Swinject (~> 2.6.2)
    - SwinjectStoryboard (~> 2.2.0)
    - TunaikuDesignSystem
  - TunaikuCustomerLoyalty (1.0.0):
    - BottomSheets
    - TunaikuChat
    - TunaikuCommon
  - TunaikuDesignSystem (1.2.4)
  - TunaikuLMT (1.0.0):
    - TunaikuChat
    - TunaikuCommon
    - TunaikuDesignSystem
    - TunaikuNavigation
  - TunaikuLMT/Tests (1.0.0):
    - RxTest (~> 5.0.0)
    - TunaikuChat
    - TunaikuCommon
    - TunaikuDesignSystem
    - TunaikuNavigation
  - TunaikuLogin (1.0.0):
    - MaintenanceView
    - TunaikuChat
    - TunaikuCommon
    - TunaikuDesignSystem
  - TunaikuNavigation (1.0.0)
  - TunaikuPaymentMethod (1.0.0):
    - BottomSheets
    - TunaikuChat
    - TunaikuCommon
    - TunaikuDesignSystem
  - TunaikuPHOfferingMLP (1.0.0)
  - TunaikuPTP (1.0.0):
    - TunaikuCommon
  - TunaikuRepayment (1.0.0):
    - TunaikuCommon
    - TunaikuDesignSystem
  - TunaikuSettings (1.0.0):
    - TunaikuCommon
    - TunaikuDesignSystem

DEPENDENCIES:
  - Alamofire (~> 4.8.2)
  - AlamofireObjectMapper (~> 5.2.0)
  - AppSpectorSDK (= 1.3.5)
  - BottomSheets (from `../Tunaiku-module-internal/BottomSheets`)
  - Branch (= 1.38.0)
  - Charts
  - CombinationPersonalLoans (from `../Tunaiku-module-internal/CombinationPersonalLoans`)
  - Cosmos (~> 18.0)
  - DLRadioButton (~> 1.4.12)
  - EasyTipView (~> 2.0.0)
  - FBSDKCoreKit (= 9.2.0)
  - Firebase (~> 8.5)
  - Firebase/Analytics (~> 8.5)
  - Firebase/Core (~> 8.5)
  - Firebase/Crashlytics (~> 8.5)
  - Firebase/DynamicLinks (~> 8.5)
  - Firebase/Messaging (~> 8.5)
  - Firebase/RemoteConfig (~> 8.5)
  - FittedSheets
  - IQKeyboardManagerSwift (~> 6.4.1)
  - KMMShared (from `../Tunaiku-module-internal/KMMShared`)
  - MaintenanceView (from `../Tunaiku-module-internal/MaintenanceView`)
  - MarketingAnalytics (from `../Tunaiku-module-internal/MarketingAnalytics`)
  - MultilineTextField
  - netfox
  - ObjectMapper
  - PagingMenuController (from `../Tunaiku-module-internal/PagingMenuController`)
  - PureLayout
  - RxAlamofire (~> 5.0.0)
  - RxAtomic
  - RxCocoa (~> 5.0.0)
  - RxSwift (~> 5.0.0)
  - SBPickerSelector (~> 1.2.0)
  - Siren
  - SkeletonView (= 1.8.6)
  - SkyFloatingLabelTextField (~> 3.0)
  - SwiftMessages (~> 7.0.0)
  - SwiftRichString
  - SwiftyJSON (~> 5.0.0)
  - Swinject (~> 2.6.2)
  - SwinjectStoryboard (~> 2.2.0)
  - TunaikuAutoDebit (from `../Tunaiku-module-internal/TunaikuAutoDebit`)
  - TunaikuCESchedule (from `../Tunaiku-module-internal/TunaikuCESchedule`)
  - TunaikuChat (from `../Tunaiku-module-internal/TunaikuChat`)
  - TunaikuCollectionReview (from `../Tunaiku-module-internal/TunaikuCollectionReview`)
  - TunaikuCommon (from `../Tunaiku-module-internal/TunaikuCommon`)
  - TunaikuCustomerLoyalty (from `../Tunaiku-module-internal/TunaikuCustomerLoyalty`)
  - TunaikuDesignSystem
  - TunaikuLMT (from `../Tunaiku-module-internal/TunaikuLMT`)
  - TunaikuLMT/Tests (from `../Tunaiku-module-internal/TunaikuLMT`)
  - TunaikuLogin (from `../Tunaiku-module-internal/TunaikuLogin`)
  - TunaikuNavigation (from `../Tunaiku-module-internal/TunaikuNavigation`)
  - TunaikuPaymentMethod (from `../Tunaiku-module-internal/TunaikuPaymentMethod`)
  - TunaikuPHOfferingMLP (from `../Tunaiku-module-internal/TunaikuPHOfferingMLP`)
  - TunaikuPTP (from `../Tunaiku-module-internal/TunaikuPTP`)
  - TunaikuRepayment (from `../Tunaiku-module-internal/TunaikuRepayment`)
  - TunaikuSettings (from `../Tunaiku-module-internal/TunaikuSettings`)

SPEC REPOS:
  https://bitbucket.org/tunaiku/tunaiku-ios-spec/:
    - TunaikuDesignSystem
  https://github.com/CocoaPods/Specs.git:
    - Alamofire
    - AlamofireObjectMapper
    - AppSpectorSDK
    - Branch
    - Charts
    - Cosmos
    - DLRadioButton
    - EasyTipView
    - FBSDKCoreKit
    - Firebase
    - FirebaseABTesting
    - FirebaseAnalytics
    - FirebaseCore
    - FirebaseCoreDiagnostics
    - FirebaseCrashlytics
    - FirebaseDynamicLinks
    - FirebaseInstallations
    - FirebaseMessaging
    - FirebaseRemoteConfig
    - FittedSheets
    - GoogleAppMeasurement
    - GoogleDataTransport
    - GoogleUtilities
    - IQKeyboardManagerSwift
    - MultilineTextField
    - nanopb
    - netfox
    - ObjectMapper
    - PromisesObjC
    - PureLayout
    - RxAlamofire
    - RxAtomic
    - RxCocoa
    - RxRelay
    - RxSwift
    - RxTest
    - SBPickerSelector
    - Siren
    - SkeletonView
    - SkyFloatingLabelTextField
    - SwiftMessages
    - SwiftRichString
    - SwiftyJSON
    - Swinject
    - SwinjectStoryboard

EXTERNAL SOURCES:
  BottomSheets:
    :path: "../Tunaiku-module-internal/BottomSheets"
  CombinationPersonalLoans:
    :path: "../Tunaiku-module-internal/CombinationPersonalLoans"
  KMMShared:
    :path: "../Tunaiku-module-internal/KMMShared"
  MaintenanceView:
    :path: "../Tunaiku-module-internal/MaintenanceView"
  MarketingAnalytics:
    :path: "../Tunaiku-module-internal/MarketingAnalytics"
  PagingMenuController:
    :path: "../Tunaiku-module-internal/PagingMenuController"
  TunaikuAutoDebit:
    :path: "../Tunaiku-module-internal/TunaikuAutoDebit"
  TunaikuCESchedule:
    :path: "../Tunaiku-module-internal/TunaikuCESchedule"
  TunaikuChat:
    :path: "../Tunaiku-module-internal/TunaikuChat"
  TunaikuCollectionReview:
    :path: "../Tunaiku-module-internal/TunaikuCollectionReview"
  TunaikuCommon:
    :path: "../Tunaiku-module-internal/TunaikuCommon"
  TunaikuCustomerLoyalty:
    :path: "../Tunaiku-module-internal/TunaikuCustomerLoyalty"
  TunaikuLMT:
    :path: "../Tunaiku-module-internal/TunaikuLMT"
  TunaikuLogin:
    :path: "../Tunaiku-module-internal/TunaikuLogin"
  TunaikuNavigation:
    :path: "../Tunaiku-module-internal/TunaikuNavigation"
  TunaikuPaymentMethod:
    :path: "../Tunaiku-module-internal/TunaikuPaymentMethod"
  TunaikuPHOfferingMLP:
    :path: "../Tunaiku-module-internal/TunaikuPHOfferingMLP"
  TunaikuPTP:
    :path: "../Tunaiku-module-internal/TunaikuPTP"
  TunaikuRepayment:
    :path: "../Tunaiku-module-internal/TunaikuRepayment"
  TunaikuSettings:
    :path: "../Tunaiku-module-internal/TunaikuSettings"

SPEC CHECKSUMS:
  Alamofire: ae5c501addb7afdbb13687d7f2f722c78734c2d3
  AlamofireObjectMapper: 1989f690e982b71921b9253f53a4f33a9bc00d88
  AppSpectorSDK: 69ad4bffd466b258532d8defb3b174aaed31eaf7
  BottomSheets: 121b99d67f65191b0d14aab83144ed406defe0d2
  Branch: 612f9d7022b19cb34a8574f0e89ca8f90c4edc88
  Charts: b1e3a1f5a1c9ba5394438ca3b91bd8c9076310af
  CombinationPersonalLoans: 380540355518f6e79a79027a2e817fa3af0aced3
  Cosmos: 7dfaa3f52584ca5f94ab74b5c2e264019cc9f7f5
  DLRadioButton: d7c4e225ed0e8013cef7be61455230c7557ad7c1
  EasyTipView: 4f8beae0a82db2ca4a9b5fd658785fc5f61d296b
  FBSDKCoreKit: dace5abafc2fd9272733e6d027bcf18102712117
  Firebase: ff8c73105b90e33e1dc6c8e5445d7adc2ccdc7c1
  FirebaseABTesting: f7cb3fbed1c5bd3e733a79d9955447be3f3b06a5
  FirebaseAnalytics: 96325c1e0acbd2bb805c6a613028b1fe599d6a37
  FirebaseCore: 1c1ca72483b59b17050f5b4cec4fb748425a3901
  FirebaseCoreDiagnostics: 7bf55d386f9fc690d971b70a582142321a390eb8
  FirebaseCrashlytics: 8e7cf678cb149d421198388c6fc3d3acfd266539
  FirebaseDynamicLinks: 6e406b3bb669f8c8a63e7254bb63251fa3f88a43
  FirebaseInstallations: f2bc590b291d25fb40a9a05b8281c02a881b5117
  FirebaseMessaging: 0705ec705c21705efc51c071fba924c8e25c63e7
  FirebaseRemoteConfig: 693c1f150408e9a727daf4d8c55c7f9c29ef9ad5
  FittedSheets: 7f37fee2567d15dcde391f31eccbffb660ddebf0
  GoogleAppMeasurement: 8d10c1c470fcb0e5143ed74fddd164f0a0384800
  GoogleDataTransport: 85fd18ff3019bb85d3f2c551d04c481dedf71fc9
  GoogleUtilities: eea970f4a389963963bffe8d8fabe43540678b9c
  IQKeyboardManagerSwift: 79a3ec200dfb41cb66a89b8575417b5378107c5d
  KMMShared: dede449da53745c21a6fc66b19f59193dd15d2cd
  MaintenanceView: bc95557b2dcebce9ab19f57cd14ab05bab1a66c0
  MarketingAnalytics: ac79daef891e233dbbe93bf363ef9ab42a76ed7c
  MultilineTextField: bb965487257ce72f880d313074d419cac34024ff
  nanopb: a0ba3315591a9ae0a16a309ee504766e90db0c96
  netfox: efeec1d23406df6cd605212f09a40957bb5654eb
  ObjectMapper: 97111c97e054a6ee25917662106689f0b4127b37
  PagingMenuController: 7537aaac4eea578b214a7f51e1fede5f648c7e52
  PromisesObjC: 68159ce6952d93e17b2dfe273b8c40907db5ba58
  PureLayout: a4afb3d79dd958564ce33d22c89f407280d8e6a8
  RxAlamofire: e7875a012aff55345672d0f70a2a9cd6aeb0f211
  RxAtomic: d00e97c10db88c6f08540e0bf2752fc5a2404167
  RxCocoa: e741b9749968e8a143e2b787f1dfbff2b63d0a5c
  RxRelay: d77f7d771495f43c556cbc43eebd1bb54d01e8e9
  RxSwift: e2dc62b366a3adf6a0be44ba9f405efd4c94e0c4
  RxTest: 0132f952a61da82d5233abedaa559df91e5330e5
  SBPickerSelector: ca8defc713bf229a35a06100ba2e6e96c424ac6a
  Siren: 645909bdb55ace938ea73a85942acb5a88494284
  SkeletonView: 0bf463145522c0c551b76a829b397e2a15a16d46
  SkyFloatingLabelTextField: 5a338412114808e961fe2d14ea2c5452c8b6e4aa
  SwiftMessages: b577dc7043be8b299857ab35bb663dbff6483bd0
  SwiftRichString: d61b807db1f8834c26fee92b6dd3e1be2dc5af03
  SwiftyJSON: 2f33a42c6fbc52764d96f13368585094bfd8aa5e
  Swinject: cf7458774b1b00323080a9c67e47a1ee7f9d2af1
  SwinjectStoryboard: 32512ef16c2b0ff5b8f823b23539c4a50f6d3383
  TunaikuAutoDebit: 30c017eb948175a39f34cf7aba7de3193642ff70
  TunaikuCESchedule: d2791983d514823931e8c81f404d7cc8fdd9ac24
  TunaikuChat: fc716e9023d9a8d0696d066497061ff0016e7e75
  TunaikuCollectionReview: deef3c63d4fb75af8ba3dfbb921f52fed2953bd9
  TunaikuCommon: c315b085fddc182836ec6e8262e3564cd47ce4c6
  TunaikuCustomerLoyalty: d49a424f75e8ae5aacb509f692a7b6ba3426c9a0
  TunaikuDesignSystem: 4bb2e981d45dd3d5a39848206ed0231fda039c5c
  TunaikuLMT: c35089a4751de51b8d3c1e73996a7abeabc8e409
  TunaikuLogin: def50054919e34e9a50a50e8dbcd177e47d6d3c2
  TunaikuNavigation: 601569fa711baff9d85008f5369829451445fad3
  TunaikuPaymentMethod: 8269b6832d76f834dece51d7b66ad212f7e664da
  TunaikuPHOfferingMLP: 12a5167bf6c4118fbd4198c4a7201a550ce1fa57
  TunaikuPTP: ea2fadd969943944e413a8be741ef87059c99eab
  TunaikuRepayment: 0a6221b01ee45de645486244b175a37fcb7f728e
  TunaikuSettings: c04915cb12b7ea3ce63d45fba04f57797ef98779

PODFILE CHECKSUM: 13e878ab12d9e2c5516c84f848ae0479e11c23bd

COCOAPODS: 1.10.0
