PODS:
  - Alamofire (4.8.2)
  - AlamofireObjectMapper (5.2.1):
    - Alamofire (~> 4.7)
    - ObjectMapper (~> 3.4)
  - Cosmos (18.0.1)
  - DLRadioButton (1.4.12)
  - EasyTipView (2.0.4)
  - FittedSheets (1.4.6)
  - IQKeyboardManagerSwift (6.4.2)
  - MultilineTextField (1.0.0)
  - netfox (1.19.0)
  - ObjectMapper (3.5.3)
  - PureLayout (3.1.6)
  - RxAlamofire (5.0.0):
    - RxAlamofire/Core (= 5.0.0)
  - RxAlamofire/Core (5.0.0):
    - Alamofire (~> 4.8)
    - RxSwift (~> 5.0)
  - RxAtomic (4.4.2)
  - RxCocoa (5.0.1):
    - RxRelay (~> 5)
    - RxSwift (~> 5)
  - RxRelay (5.1.1):
    - RxSwift (~> 5)
  - RxSwift (5.0.1)
  - RxTest (5.0.1):
    - RxSwift (~> 5)
  - SBPickerSelector (1.2.0)
  - SkeletonView (1.8.6)
  - SkyFloatingLabelTextField (3.8.0)
  - SwiftMessages (7.0.1):
    - SwiftMessages/App (= 7.0.1)
  - SwiftMessages/App (7.0.1)
  - SwiftRichString (3.7.2)
  - SwiftyJSON (5.0.0)
  - Swinject (2.6.2)
  - SwinjectStoryboard (2.2.0):
    - Swinject (~> 2.6)
  - TunaikuChat (1.0.0):
    - TunaikuCommon
  - TunaikuCommon (1.0.0):
    - Alamofire (~> 4.8.2)
    - AlamofireObjectMapper (~> 5.2.0)
    - Cosmos (~> 18.0)
    - DLRadioButton (~> 1.4.12)
    - EasyTipView (~> 2.0.0)
    - FittedSheets
    - IQKeyboardManagerSwift (~> 6.4.1)
    - MultilineTextField
    - netfox
    - ObjectMapper
    - PureLayout
    - RxAlamofire (~> 5.0.0)
    - RxAtomic
    - RxCocoa (~> 5.0.0)
    - RxSwift (~> 5.0.0)
    - SBPickerSelector (~> 1.2.0)
    - SkeletonView (= 1.8.6)
    - SkyFloatingLabelTextField (~> 3.0)
    - SwiftMessages (~> 7.0.0)
    - SwiftRichString
    - SwiftyJSON (~> 5.0.0)
    - Swinject (~> 2.6.2)
    - SwinjectStoryboard (~> 2.2.0)
    - TunaikuDesignSystem
  - TunaikuDesignSystem (1.2.1)
  - TunaikuLMT (1.0.0):
    - TunaikuChat
    - TunaikuCommon
    - TunaikuDesignSystem
    - TunaikuNavigation
  - TunaikuNavigation (1.0.0)

DEPENDENCIES:
  - Alamofire (~> 4.8.2)
  - AlamofireObjectMapper (~> 5.2.0)
  - Cosmos (~> 18.0)
  - DLRadioButton (~> 1.4.12)
  - EasyTipView (~> 2.0.0)
  - FittedSheets
  - IQKeyboardManagerSwift (~> 6.4.1)
  - MultilineTextField
  - netfox
  - ObjectMapper
  - PureLayout
  - RxAlamofire (~> 5.0.0)
  - RxAtomic
  - RxCocoa (~> 5.0.0)
  - RxSwift (~> 5.0.0)
  - RxTest (~> 5.0.0)
  - SBPickerSelector (~> 1.2.0)
  - SkeletonView (= 1.8.6)
  - SkyFloatingLabelTextField (~> 3.0)
  - SwiftMessages (~> 7.0.0)
  - SwiftRichString
  - SwiftyJSON (~> 5.0.0)
  - Swinject (~> 2.6.2)
  - SwinjectStoryboard (~> 2.2.0)
  - TunaikuChat (from `../../Tunaiku-module-internal`)
  - TunaikuCommon (from `../../Tunaiku-module-internal`)
  - TunaikuDesignSystem
  - TunaikuLMT (from `../../Tunaiku-module-internal`)
  - TunaikuNavigation (from `../../Tunaiku-module-internal`)

SPEC REPOS:
  https://bitbucket.org/tunaiku/tunaiku-ios-spec/:
    - TunaikuDesignSystem
  https://github.com/CocoaPods/Specs.git:
    - Alamofire
    - AlamofireObjectMapper
    - Cosmos
    - DLRadioButton
    - EasyTipView
    - FittedSheets
    - IQKeyboardManagerSwift
    - MultilineTextField
    - netfox
    - ObjectMapper
    - PureLayout
    - RxAlamofire
    - RxAtomic
    - RxCocoa
    - RxRelay
    - RxSwift
    - RxTest
    - SBPickerSelector
    - SkeletonView
    - SkyFloatingLabelTextField
    - SwiftMessages
    - SwiftRichString
    - SwiftyJSON
    - Swinject
    - SwinjectStoryboard

EXTERNAL SOURCES:
  TunaikuChat:
    :path: "../../Tunaiku-module-internal"
  TunaikuCommon:
    :path: "../../Tunaiku-module-internal"
  TunaikuLMT:
    :path: "../../Tunaiku-module-internal"
  TunaikuNavigation:
    :path: "../../Tunaiku-module-internal"

SPEC CHECKSUMS:
  Alamofire: ae5c501addb7afdbb13687d7f2f722c78734c2d3
  AlamofireObjectMapper: 1989f690e982b71921b9253f53a4f33a9bc00d88
  Cosmos: 7dfaa3f52584ca5f94ab74b5c2e264019cc9f7f5
  DLRadioButton: d7c4e225ed0e8013cef7be61455230c7557ad7c1
  EasyTipView: 4f8beae0a82db2ca4a9b5fd658785fc5f61d296b
  FittedSheets: 7f37fee2567d15dcde391f31eccbffb660ddebf0
  IQKeyboardManagerSwift: 79a3ec200dfb41cb66a89b8575417b5378107c5d
  MultilineTextField: bb965487257ce72f880d313074d419cac34024ff
  netfox: efeec1d23406df6cd605212f09a40957bb5654eb
  ObjectMapper: 97111c97e054a6ee25917662106689f0b4127b37
  PureLayout: bd3c4ec3a3819ad387c99ebb72c6b129c3ed4d2d
  RxAlamofire: e7875a012aff55345672d0f70a2a9cd6aeb0f211
  RxAtomic: d00e97c10db88c6f08540e0bf2752fc5a2404167
  RxCocoa: e741b9749968e8a143e2b787f1dfbff2b63d0a5c
  RxRelay: d77f7d771495f43c556cbc43eebd1bb54d01e8e9
  RxSwift: e2dc62b366a3adf6a0be44ba9f405efd4c94e0c4
  RxTest: 0132f952a61da82d5233abedaa559df91e5330e5
  SBPickerSelector: ca8defc713bf229a35a06100ba2e6e96c424ac6a
  SkeletonView: 0bf463145522c0c551b76a829b397e2a15a16d46
  SkyFloatingLabelTextField: 5a338412114808e961fe2d14ea2c5452c8b6e4aa
  SwiftMessages: b577dc7043be8b299857ab35bb663dbff6483bd0
  SwiftRichString: d61b807db1f8834c26fee92b6dd3e1be2dc5af03
  SwiftyJSON: 36413e04c44ee145039d332b4f4e2d3e8d6c4db7
  Swinject: cf7458774b1b00323080a9c67e47a1ee7f9d2af1
  SwinjectStoryboard: 32512ef16c2b0ff5b8f823b23539c4a50f6d3383
  TunaikuChat: 590a57080601dfcee82760d035a55c94f73acfc6
  TunaikuCommon: ba049778c91c56a95d296c9ac8f8686dc2afec22
  TunaikuDesignSystem: 7b5a3dc4e0686fe81b873e589092d25e0f3e7d9b
  TunaikuLMT: 7e2f7d2d51a7a3ad51ada788dd23c47835d4addb
  TunaikuNavigation: 36fb0937c595a667745eb98cd28e185e4d37db43

PODFILE CHECKSUM: d38524fb2344191dcf97445fce89e00b03ddc42b

COCOAPODS: 1.10.0
